<?xml version="1.0" encoding="UTF-8"?>
<!DOCTYPE plist PUBLIC "-//Apple//DTD PLIST 1.0//EN" "http://www.apple.com/DTDs/PropertyList-1.0.dtd">
<plist version="1.0">
<dict>
	<key>archiveVersion</key>
	<string>1</string>
	<key>classes</key>
	<dict/>
	<key>objectVersion</key>
	<string>46</string>
	<key>objects</key>
	<dict>
		<key>32E56A7A58424DA3C9AFCCC8</key>
		<dict>
			<key>includeInIndex</key>
			<string>1</string>
			<key>isa</key>
			<string>PBXFileReference</string>
			<key>lastKnownFileType</key>
			<string>text.xcconfig</string>
			<key>name</key>
			<string>Pods.release.xcconfig</string>
			<key>path</key>
			<string>Pods/Target Support Files/Pods/Pods.release.xcconfig</string>
			<key>sourceTree</key>
			<string>&lt;group&gt;</string>
		</dict>
		<key>409B7E4B17BC4FA294A5F3C3</key>
		<dict>
			<key>buildActionMask</key>
			<string>2147483647</string>
			<key>files</key>
			<array/>
			<key>inputPaths</key>
			<array/>
			<key>isa</key>
			<string>PBXShellScriptBuildPhase</string>
			<key>name</key>
			<string>Copy Pods Resources</string>
			<key>outputPaths</key>
			<array/>
			<key>runOnlyForDeploymentPostprocessing</key>
			<string>0</string>
			<key>shellPath</key>
			<string>/bin/sh</string>
			<key>shellScript</key>
			<string>"${SRCROOT}/Pods/Target Support Files/Pods/Pods-resources.sh"
</string>
			<key>showEnvVarsInLog</key>
			<string>0</string>
		</dict>
		<key>50EF5F696E49C761121687B0</key>
		<dict>
			<key>includeInIndex</key>
			<string>1</string>
			<key>isa</key>
			<string>PBXFileReference</string>
			<key>lastKnownFileType</key>
			<string>text.xcconfig</string>
			<key>name</key>
			<string>Pods.debug.xcconfig</string>
			<key>path</key>
			<string>Pods/Target Support Files/Pods/Pods.debug.xcconfig</string>
			<key>sourceTree</key>
			<string>&lt;group&gt;</string>
		</dict>
		<key>6A1D3947190E71DE00F1EA81</key>
		<dict>
			<key>fileEncoding</key>
			<string>4</string>
			<key>isa</key>
			<string>PBXFileReference</string>
			<key>lastKnownFileType</key>
			<string>sourcecode.c.h</string>
			<key>path</key>
			<string>BZTagModel.h</string>
			<key>sourceTree</key>
			<string>&lt;group&gt;</string>
		</dict>
		<key>6A1D3948190E71DE00F1EA81</key>
		<dict>
			<key>fileEncoding</key>
			<string>4</string>
			<key>isa</key>
			<string>PBXFileReference</string>
			<key>lastKnownFileType</key>
			<string>sourcecode.c.objc</string>
			<key>path</key>
			<string>BZTagModel.m</string>
			<key>sourceTree</key>
			<string>&lt;group&gt;</string>
		</dict>
		<key>6A1D3949190E71DE00F1EA81</key>
		<dict>
			<key>fileRef</key>
			<string>6A1D3948190E71DE00F1EA81</string>
			<key>isa</key>
			<string>PBXBuildFile</string>
		</dict>
		<key>6A1D394B190E738000F1EA81</key>
		<dict>
			<key>children</key>
			<array>
				<string>6A1D395E190E741700F1EA81</string>
				<string>6A1D395D190E740F00F1EA81</string>
				<string>6A1D395C190E73FF00F1EA81</string>
				<string>6A1D395B190E73F600F1EA81</string>
			</array>
			<key>isa</key>
			<string>PBXGroup</string>
			<key>name</key>
			<string>Modules</string>
			<key>sourceTree</key>
			<string>&lt;group&gt;</string>
		</dict>
		<key>6A1D394C190E738900F1EA81</key>
		<dict>
			<key>children</key>
			<array>
				<string>6A1D3954190E73DE00F1EA81</string>
			</array>
			<key>isa</key>
			<string>PBXGroup</string>
			<key>name</key>
			<string>Protocols</string>
			<key>sourceTree</key>
			<string>&lt;group&gt;</string>
		</dict>
		<key>6A1D394D190E739800F1EA81</key>
		<dict>
			<key>children</key>
			<array>
				<string>6A1D397D190E792800F1EA81</string>
				<string>6A1D397E190E792800F1EA81</string>
				<string>6A1D394E190E73C600F1EA81</string>
				<string>6A1D394F190E73C600F1EA81</string>
				<string>6A1D3950190E73C600F1EA81</string>
				<string>6A1D3951190E73C600F1EA81</string>
				<string>6A1D3980190E797E00F1EA81</string>
				<string>6A1D3981190E797E00F1EA81</string>
			</array>
			<key>isa</key>
			<string>PBXGroup</string>
			<key>name</key>
			<string>Categories</string>
			<key>sourceTree</key>
			<string>&lt;group&gt;</string>
		</dict>
		<key>6A1D394E190E73C600F1EA81</key>
		<dict>
			<key>fileEncoding</key>
			<string>4</string>
			<key>isa</key>
			<string>PBXFileReference</string>
			<key>lastKnownFileType</key>
			<string>sourcecode.c.h</string>
			<key>path</key>
			<string>UICollectionView+FixRefreshControlJump.h</string>
			<key>sourceTree</key>
			<string>&lt;group&gt;</string>
		</dict>
		<key>6A1D394F190E73C600F1EA81</key>
		<dict>
			<key>fileEncoding</key>
			<string>4</string>
			<key>isa</key>
			<string>PBXFileReference</string>
			<key>lastKnownFileType</key>
			<string>sourcecode.c.objc</string>
			<key>path</key>
			<string>UICollectionView+FixRefreshControlJump.m</string>
			<key>sourceTree</key>
			<string>&lt;group&gt;</string>
		</dict>
		<key>6A1D3950190E73C600F1EA81</key>
		<dict>
			<key>fileEncoding</key>
			<string>4</string>
			<key>isa</key>
			<string>PBXFileReference</string>
			<key>lastKnownFileType</key>
			<string>sourcecode.c.h</string>
			<key>path</key>
			<string>UIColor+LightRandom.h</string>
			<key>sourceTree</key>
			<string>&lt;group&gt;</string>
		</dict>
		<key>6A1D3951190E73C600F1EA81</key>
		<dict>
			<key>fileEncoding</key>
			<string>4</string>
			<key>isa</key>
			<string>PBXFileReference</string>
			<key>lastKnownFileType</key>
			<string>sourcecode.c.objc</string>
			<key>path</key>
			<string>UIColor+LightRandom.m</string>
			<key>sourceTree</key>
			<string>&lt;group&gt;</string>
		</dict>
		<key>6A1D3952190E73C600F1EA81</key>
		<dict>
			<key>fileRef</key>
			<string>6A1D394F190E73C600F1EA81</string>
			<key>isa</key>
			<string>PBXBuildFile</string>
		</dict>
		<key>6A1D3953190E73C600F1EA81</key>
		<dict>
			<key>fileRef</key>
			<string>6A1D3951190E73C600F1EA81</string>
			<key>isa</key>
			<string>PBXBuildFile</string>
		</dict>
		<key>6A1D3954190E73DE00F1EA81</key>
		<dict>
			<key>fileEncoding</key>
			<string>4</string>
			<key>isa</key>
			<string>PBXFileReference</string>
			<key>lastKnownFileType</key>
			<string>sourcecode.c.h</string>
			<key>path</key>
			<string>Protocols.h</string>
			<key>sourceTree</key>
			<string>&lt;group&gt;</string>
		</dict>
		<key>6A1D3955190E73F400F1EA81</key>
		<dict>
			<key>fileEncoding</key>
			<string>4</string>
			<key>isa</key>
			<string>PBXFileReference</string>
			<key>lastKnownFileType</key>
			<string>sourcecode.c.h</string>
			<key>path</key>
			<string>BZSettingsModule.h</string>
			<key>sourceTree</key>
			<string>&lt;group&gt;</string>
		</dict>
		<key>6A1D3956190E73F400F1EA81</key>
		<dict>
			<key>fileEncoding</key>
			<string>4</string>
			<key>isa</key>
			<string>PBXFileReference</string>
			<key>lastKnownFileType</key>
			<string>sourcecode.c.objc</string>
			<key>path</key>
			<string>BZSettingsModule.m</string>
			<key>sourceTree</key>
			<string>&lt;group&gt;</string>
		</dict>
		<key>6A1D3957190E73F400F1EA81</key>
		<dict>
			<key>fileEncoding</key>
			<string>4</string>
			<key>isa</key>
			<string>PBXFileReference</string>
			<key>lastKnownFileType</key>
			<string>sourcecode.c.h</string>
			<key>path</key>
			<string>BZSettingsViewController.h</string>
			<key>sourceTree</key>
			<string>&lt;group&gt;</string>
		</dict>
		<key>6A1D3958190E73F400F1EA81</key>
		<dict>
			<key>fileEncoding</key>
			<string>4</string>
			<key>isa</key>
			<string>PBXFileReference</string>
			<key>lastKnownFileType</key>
			<string>sourcecode.c.objc</string>
			<key>path</key>
			<string>BZSettingsViewController.m</string>
			<key>sourceTree</key>
			<string>&lt;group&gt;</string>
		</dict>
		<key>6A1D3959190E73F400F1EA81</key>
		<dict>
			<key>fileRef</key>
			<string>6A1D3956190E73F400F1EA81</string>
			<key>isa</key>
			<string>PBXBuildFile</string>
		</dict>
		<key>6A1D395A190E73F400F1EA81</key>
		<dict>
			<key>fileRef</key>
			<string>6A1D3958190E73F400F1EA81</string>
			<key>isa</key>
			<string>PBXBuildFile</string>
		</dict>
		<key>6A1D395B190E73F600F1EA81</key>
		<dict>
			<key>children</key>
			<array>
				<string>6A1D3955190E73F400F1EA81</string>
				<string>6A1D3956190E73F400F1EA81</string>
				<string>6A1D3957190E73F400F1EA81</string>
				<string>6A1D3958190E73F400F1EA81</string>
			</array>
			<key>isa</key>
			<string>PBXGroup</string>
			<key>name</key>
			<string>Settings</string>
			<key>sourceTree</key>
			<string>&lt;group&gt;</string>
		</dict>
		<key>6A1D395C190E73FF00F1EA81</key>
		<dict>
			<key>children</key>
			<array>
				<string>6A1D395F190E742800F1EA81</string>
				<string>6A1D3960190E742800F1EA81</string>
				<string>6A1D3961190E742800F1EA81</string>
				<string>6A1D3962190E742800F1EA81</string>
			</array>
			<key>isa</key>
			<string>PBXGroup</string>
			<key>name</key>
			<string>Tags</string>
			<key>sourceTree</key>
			<string>&lt;group&gt;</string>
		</dict>
		<key>6A1D395D190E740F00F1EA81</key>
		<dict>
			<key>children</key>
			<array>
				<string>6A1D396E190E744500F1EA81</string>
				<string>6A1D396F190E744500F1EA81</string>
				<string>6A1D3970190E744500F1EA81</string>
				<string>6A1D3971190E744500F1EA81</string>
				<string>6A1D3972190E744500F1EA81</string>
				<string>6A1D3973190E744500F1EA81</string>
				<string>6A1D3974190E744500F1EA81</string>
				<string>6A1D3975190E744500F1EA81</string>
				<string>6A1D3976190E744500F1EA81</string>
				<string>6A1D3977190E744500F1EA81</string>
			</array>
			<key>isa</key>
			<string>PBXGroup</string>
			<key>name</key>
			<string>Waterfall</string>
			<key>sourceTree</key>
			<string>&lt;group&gt;</string>
		</dict>
		<key>6A1D395E190E741700F1EA81</key>
		<dict>
			<key>children</key>
			<array>
				<string>6A1D3965190E743A00F1EA81</string>
				<string>6A1D3966190E743A00F1EA81</string>
				<string>6A1D3967190E743A00F1EA81</string>
				<string>6A1D3968190E743A00F1EA81</string>
				<string>6A1D3969190E743A00F1EA81</string>
				<string>6A1D396A190E743A00F1EA81</string>
			</array>
			<key>isa</key>
			<string>PBXGroup</string>
			<key>name</key>
			<string>Detail</string>
			<key>sourceTree</key>
			<string>&lt;group&gt;</string>
		</dict>
		<key>6A1D395F190E742800F1EA81</key>
		<dict>
			<key>fileEncoding</key>
			<string>4</string>
			<key>isa</key>
			<string>PBXFileReference</string>
			<key>lastKnownFileType</key>
			<string>sourcecode.c.h</string>
			<key>path</key>
			<string>BZTagsModule.h</string>
			<key>sourceTree</key>
			<string>&lt;group&gt;</string>
		</dict>
		<key>6A1D3960190E742800F1EA81</key>
		<dict>
			<key>fileEncoding</key>
			<string>4</string>
			<key>isa</key>
			<string>PBXFileReference</string>
			<key>lastKnownFileType</key>
			<string>sourcecode.c.objc</string>
			<key>path</key>
			<string>BZTagsModule.m</string>
			<key>sourceTree</key>
			<string>&lt;group&gt;</string>
		</dict>
		<key>6A1D3961190E742800F1EA81</key>
		<dict>
			<key>fileEncoding</key>
			<string>4</string>
			<key>isa</key>
			<string>PBXFileReference</string>
			<key>lastKnownFileType</key>
			<string>sourcecode.c.h</string>
			<key>path</key>
			<string>BZTagsViewController.h</string>
			<key>sourceTree</key>
			<string>&lt;group&gt;</string>
		</dict>
		<key>6A1D3962190E742800F1EA81</key>
		<dict>
			<key>fileEncoding</key>
			<string>4</string>
			<key>isa</key>
			<string>PBXFileReference</string>
			<key>lastKnownFileType</key>
			<string>sourcecode.c.objc</string>
			<key>path</key>
			<string>BZTagsViewController.m</string>
			<key>sourceTree</key>
			<string>&lt;group&gt;</string>
		</dict>
		<key>6A1D3963190E742800F1EA81</key>
		<dict>
			<key>fileRef</key>
			<string>6A1D3960190E742800F1EA81</string>
			<key>isa</key>
			<string>PBXBuildFile</string>
		</dict>
		<key>6A1D3964190E742800F1EA81</key>
		<dict>
			<key>fileRef</key>
			<string>6A1D3962190E742800F1EA81</string>
			<key>isa</key>
			<string>PBXBuildFile</string>
		</dict>
		<key>6A1D3965190E743A00F1EA81</key>
		<dict>
			<key>fileEncoding</key>
			<string>4</string>
			<key>isa</key>
			<string>PBXFileReference</string>
			<key>lastKnownFileType</key>
			<string>sourcecode.c.h</string>
			<key>path</key>
			<string>BZDetailModule.h</string>
			<key>sourceTree</key>
			<string>&lt;group&gt;</string>
		</dict>
		<key>6A1D3966190E743A00F1EA81</key>
		<dict>
			<key>fileEncoding</key>
			<string>4</string>
			<key>isa</key>
			<string>PBXFileReference</string>
			<key>lastKnownFileType</key>
			<string>sourcecode.c.objc</string>
			<key>path</key>
			<string>BZDetailModule.m</string>
			<key>sourceTree</key>
			<string>&lt;group&gt;</string>
		</dict>
		<key>6A1D3967190E743A00F1EA81</key>
		<dict>
			<key>fileEncoding</key>
			<string>4</string>
			<key>isa</key>
			<string>PBXFileReference</string>
			<key>lastKnownFileType</key>
			<string>sourcecode.c.h</string>
			<key>path</key>
			<string>BZDetailViewCell.h</string>
			<key>sourceTree</key>
			<string>&lt;group&gt;</string>
		</dict>
		<key>6A1D3968190E743A00F1EA81</key>
		<dict>
			<key>fileEncoding</key>
			<string>4</string>
			<key>isa</key>
			<string>PBXFileReference</string>
			<key>lastKnownFileType</key>
			<string>sourcecode.c.objc</string>
			<key>path</key>
			<string>BZDetailViewCell.m</string>
			<key>sourceTree</key>
			<string>&lt;group&gt;</string>
		</dict>
		<key>6A1D3969190E743A00F1EA81</key>
		<dict>
			<key>fileEncoding</key>
			<string>4</string>
			<key>isa</key>
			<string>PBXFileReference</string>
			<key>lastKnownFileType</key>
			<string>sourcecode.c.h</string>
			<key>path</key>
			<string>BZDetailViewController.h</string>
			<key>sourceTree</key>
			<string>&lt;group&gt;</string>
		</dict>
		<key>6A1D396A190E743A00F1EA81</key>
		<dict>
			<key>fileEncoding</key>
			<string>4</string>
			<key>isa</key>
			<string>PBXFileReference</string>
			<key>lastKnownFileType</key>
			<string>sourcecode.c.objc</string>
			<key>path</key>
			<string>BZDetailViewController.m</string>
			<key>sourceTree</key>
			<string>&lt;group&gt;</string>
		</dict>
		<key>6A1D396B190E743A00F1EA81</key>
		<dict>
			<key>fileRef</key>
			<string>6A1D3966190E743A00F1EA81</string>
			<key>isa</key>
			<string>PBXBuildFile</string>
		</dict>
		<key>6A1D396C190E743A00F1EA81</key>
		<dict>
			<key>fileRef</key>
			<string>6A1D3968190E743A00F1EA81</string>
			<key>isa</key>
			<string>PBXBuildFile</string>
		</dict>
		<key>6A1D396D190E743A00F1EA81</key>
		<dict>
			<key>fileRef</key>
			<string>6A1D396A190E743A00F1EA81</string>
			<key>isa</key>
			<string>PBXBuildFile</string>
		</dict>
		<key>6A1D396E190E744500F1EA81</key>
		<dict>
			<key>fileEncoding</key>
			<string>4</string>
			<key>isa</key>
			<string>PBXFileReference</string>
			<key>lastKnownFileType</key>
			<string>sourcecode.c.h</string>
			<key>path</key>
			<string>BZWaterfallModule.h</string>
			<key>sourceTree</key>
			<string>&lt;group&gt;</string>
		</dict>
		<key>6A1D396F190E744500F1EA81</key>
		<dict>
			<key>fileEncoding</key>
			<string>4</string>
			<key>isa</key>
			<string>PBXFileReference</string>
			<key>lastKnownFileType</key>
			<string>sourcecode.c.objc</string>
			<key>path</key>
			<string>BZWaterfallModule.m</string>
			<key>sourceTree</key>
			<string>&lt;group&gt;</string>
		</dict>
		<key>6A1D3970190E744500F1EA81</key>
		<dict>
			<key>fileEncoding</key>
			<string>4</string>
			<key>isa</key>
			<string>PBXFileReference</string>
			<key>lastKnownFileType</key>
			<string>sourcecode.c.h</string>
			<key>path</key>
			<string>BZWaterfallViewCell.h</string>
			<key>sourceTree</key>
			<string>&lt;group&gt;</string>
		</dict>
		<key>6A1D3971190E744500F1EA81</key>
		<dict>
			<key>fileEncoding</key>
			<string>4</string>
			<key>isa</key>
			<string>PBXFileReference</string>
			<key>lastKnownFileType</key>
			<string>sourcecode.c.objc</string>
			<key>path</key>
			<string>BZWaterfallViewCell.m</string>
			<key>sourceTree</key>
			<string>&lt;group&gt;</string>
		</dict>
		<key>6A1D3972190E744500F1EA81</key>
		<dict>
			<key>fileEncoding</key>
			<string>4</string>
			<key>isa</key>
			<string>PBXFileReference</string>
			<key>lastKnownFileType</key>
			<string>sourcecode.c.h</string>
			<key>path</key>
			<string>BZWaterfallViewCellModel.h</string>
			<key>sourceTree</key>
			<string>&lt;group&gt;</string>
		</dict>
		<key>6A1D3973190E744500F1EA81</key>
		<dict>
			<key>fileEncoding</key>
			<string>4</string>
			<key>isa</key>
			<string>PBXFileReference</string>
			<key>lastKnownFileType</key>
			<string>sourcecode.c.objc</string>
			<key>path</key>
			<string>BZWaterfallViewCellModel.m</string>
			<key>sourceTree</key>
			<string>&lt;group&gt;</string>
		</dict>
		<key>6A1D3974190E744500F1EA81</key>
		<dict>
			<key>fileEncoding</key>
			<string>4</string>
			<key>isa</key>
			<string>PBXFileReference</string>
			<key>lastKnownFileType</key>
			<string>sourcecode.c.h</string>
			<key>path</key>
			<string>BZWaterfallViewController.h</string>
			<key>sourceTree</key>
			<string>&lt;group&gt;</string>
		</dict>
		<key>6A1D3975190E744500F1EA81</key>
		<dict>
			<key>fileEncoding</key>
			<string>4</string>
			<key>isa</key>
			<string>PBXFileReference</string>
			<key>lastKnownFileType</key>
			<string>sourcecode.c.objc</string>
			<key>path</key>
			<string>BZWaterfallViewController.m</string>
			<key>sourceTree</key>
			<string>&lt;group&gt;</string>
		</dict>
		<key>6A1D3976190E744500F1EA81</key>
		<dict>
			<key>fileEncoding</key>
			<string>4</string>
			<key>isa</key>
			<string>PBXFileReference</string>
			<key>lastKnownFileType</key>
			<string>sourcecode.c.h</string>
			<key>path</key>
			<string>BZWaterfallViewModel.h</string>
			<key>sourceTree</key>
			<string>&lt;group&gt;</string>
		</dict>
		<key>6A1D3977190E744500F1EA81</key>
		<dict>
			<key>fileEncoding</key>
			<string>4</string>
			<key>isa</key>
			<string>PBXFileReference</string>
			<key>lastKnownFileType</key>
			<string>sourcecode.c.objc</string>
			<key>path</key>
			<string>BZWaterfallViewModel.m</string>
			<key>sourceTree</key>
			<string>&lt;group&gt;</string>
		</dict>
		<key>6A1D3978190E744500F1EA81</key>
		<dict>
			<key>fileRef</key>
			<string>6A1D396F190E744500F1EA81</string>
			<key>isa</key>
			<string>PBXBuildFile</string>
		</dict>
		<key>6A1D3979190E744500F1EA81</key>
		<dict>
			<key>fileRef</key>
			<string>6A1D3971190E744500F1EA81</string>
			<key>isa</key>
			<string>PBXBuildFile</string>
		</dict>
		<key>6A1D397A190E744500F1EA81</key>
		<dict>
			<key>fileRef</key>
			<string>6A1D3973190E744500F1EA81</string>
			<key>isa</key>
			<string>PBXBuildFile</string>
		</dict>
		<key>6A1D397B190E744500F1EA81</key>
		<dict>
			<key>fileRef</key>
			<string>6A1D3975190E744500F1EA81</string>
			<key>isa</key>
			<string>PBXBuildFile</string>
		</dict>
		<key>6A1D397C190E744500F1EA81</key>
		<dict>
			<key>fileRef</key>
			<string>6A1D3977190E744500F1EA81</string>
			<key>isa</key>
			<string>PBXBuildFile</string>
		</dict>
		<key>6A1D397D190E792800F1EA81</key>
		<dict>
			<key>fileEncoding</key>
			<string>4</string>
			<key>isa</key>
			<string>PBXFileReference</string>
			<key>lastKnownFileType</key>
			<string>sourcecode.c.h</string>
			<key>path</key>
			<string>UIView+SuperView.h</string>
			<key>sourceTree</key>
			<string>&lt;group&gt;</string>
		</dict>
		<key>6A1D397E190E792800F1EA81</key>
		<dict>
			<key>fileEncoding</key>
			<string>4</string>
			<key>isa</key>
			<string>PBXFileReference</string>
			<key>lastKnownFileType</key>
			<string>sourcecode.c.objc</string>
			<key>path</key>
			<string>UIView+SuperView.m</string>
			<key>sourceTree</key>
			<string>&lt;group&gt;</string>
		</dict>
		<key>6A1D397F190E792800F1EA81</key>
		<dict>
			<key>fileRef</key>
			<string>6A1D397E190E792800F1EA81</string>
			<key>isa</key>
			<string>PBXBuildFile</string>
		</dict>
		<key>6A1D3980190E797E00F1EA81</key>
		<dict>
			<key>fileEncoding</key>
			<string>4</string>
			<key>isa</key>
			<string>PBXFileReference</string>
			<key>lastKnownFileType</key>
			<string>sourcecode.c.h</string>
			<key>path</key>
			<string>UIView+Layout.h</string>
			<key>sourceTree</key>
			<string>&lt;group&gt;</string>
		</dict>
		<key>6A1D3981190E797E00F1EA81</key>
		<dict>
			<key>fileEncoding</key>
			<string>4</string>
			<key>isa</key>
			<string>PBXFileReference</string>
			<key>lastKnownFileType</key>
			<string>sourcecode.c.objc</string>
			<key>path</key>
			<string>UIView+Layout.m</string>
			<key>sourceTree</key>
			<string>&lt;group&gt;</string>
		</dict>
		<key>6A1D3982190E797E00F1EA81</key>
		<dict>
			<key>fileRef</key>
			<string>6A1D3981190E797E00F1EA81</string>
			<key>isa</key>
			<string>PBXBuildFile</string>
		</dict>
		<key>6A1D3983190E79B800F1EA81</key>
		<dict>
			<key>fileEncoding</key>
			<string>4</string>
			<key>isa</key>
			<string>PBXFileReference</string>
			<key>lastKnownFileType</key>
			<string>sourcecode.c.h</string>
			<key>path</key>
			<string>UtilsMacro.h</string>
			<key>sourceTree</key>
			<string>&lt;group&gt;</string>
		</dict>
		<key>6A33AC07190E555D007A121D</key>
		<dict>
			<key>children</key>
			<array>
				<string>6A33AC19190E555D007A121D</string>
				<string>6A33AC32190E555D007A121D</string>
				<string>6A33AC12190E555D007A121D</string>
				<string>6A33AC11190E555D007A121D</string>
				<string>B1DE518EA9E73D06360E9981</string>
			</array>
			<key>isa</key>
			<string>PBXGroup</string>
			<key>sourceTree</key>
			<string>&lt;group&gt;</string>
		</dict>
		<key>6A33AC08190E555D007A121D</key>
		<dict>
			<key>attributes</key>
			<dict>
				<key>CLASSPREFIX</key>
				<string>BZ</string>
				<key>LastUpgradeCheck</key>
				<string>0510</string>
				<key>ORGANIZATIONNAME</key>
				<string>Huaban</string>
				<key>TargetAttributes</key>
				<dict>
					<key>6A33AC2A190E555D007A121D</key>
					<dict>
						<key>TestTargetID</key>
						<string>6A33AC0F190E555D007A121D</string>
					</dict>
				</dict>
			</dict>
			<key>buildConfigurationList</key>
			<string>6A33AC0B190E555D007A121D</string>
			<key>compatibilityVersion</key>
			<string>Xcode 3.2</string>
			<key>developmentRegion</key>
			<string>English</string>
			<key>hasScannedForEncodings</key>
			<string>0</string>
			<key>isa</key>
			<string>PBXProject</string>
			<key>knownRegions</key>
			<array>
				<string>en</string>
			</array>
			<key>mainGroup</key>
			<string>6A33AC07190E555D007A121D</string>
			<key>productRefGroup</key>
			<string>6A33AC11190E555D007A121D</string>
			<key>projectDirPath</key>
			<string></string>
			<key>projectReferences</key>
			<array/>
			<key>projectRoot</key>
			<string></string>
			<key>targets</key>
			<array>
				<string>6A33AC0F190E555D007A121D</string>
				<string>6A33AC2A190E555D007A121D</string>
			</array>
		</dict>
		<key>6A33AC0B190E555D007A121D</key>
		<dict>
			<key>buildConfigurations</key>
			<array>
				<string>6A33AC3A190E555D007A121D</string>
				<string>6A33AC3B190E555D007A121D</string>
			</array>
			<key>defaultConfigurationIsVisible</key>
			<string>0</string>
			<key>defaultConfigurationName</key>
			<string>Release</string>
			<key>isa</key>
			<string>XCConfigurationList</string>
		</dict>
		<key>6A33AC0C190E555D007A121D</key>
		<dict>
			<key>buildActionMask</key>
			<string>2147483647</string>
			<key>files</key>
			<array>
				<string>6A1D396B190E743A00F1EA81</string>
				<string>6A1D3963190E742800F1EA81</string>
				<string>6A1D395A190E73F400F1EA81</string>
				<string>6A1D397F190E792800F1EA81</string>
				<string>6A1D396C190E743A00F1EA81</string>
				<string>6A1D3959190E73F400F1EA81</string>
				<string>6A1D397C190E744500F1EA81</string>
				<string>6A1D3949190E71DE00F1EA81</string>
				<string>6A33AC24190E555D007A121D</string>
				<string>6A1D3964190E742800F1EA81</string>
				<string>6A1D3952190E73C600F1EA81</string>
				<string>6A1D3982190E797E00F1EA81</string>
				<string>6A1D397B190E744500F1EA81</string>
				<string>6A1D397A190E744500F1EA81</string>
				<string>6A1D3979190E744500F1EA81</string>
				<string>6A1D3978190E744500F1EA81</string>
				<string>6A1D396D190E743A00F1EA81</string>
				<string>6A33AC20190E555D007A121D</string>
				<string>6A33AC49190E5B29007A121D</string>
				<string>6A33AC46190E5899007A121D</string>
				<string>6A1D3953190E73C600F1EA81</string>
			</array>
			<key>isa</key>
			<string>PBXSourcesBuildPhase</string>
			<key>runOnlyForDeploymentPostprocessing</key>
			<string>0</string>
		</dict>
		<key>6A33AC0D190E555D007A121D</key>
		<dict>
			<key>buildActionMask</key>
			<string>2147483647</string>
			<key>files</key>
			<array>
				<string>6A33AC16190E555D007A121D</string>
				<string>6A33AC18190E555D007A121D</string>
				<string>6A33AC14190E555D007A121D</string>
				<string>F0F70AFBB7FF42679A7237C3</string>
			</array>
			<key>isa</key>
			<string>PBXFrameworksBuildPhase</string>
			<key>runOnlyForDeploymentPostprocessing</key>
			<string>0</string>
		</dict>
		<key>6A33AC0E190E555D007A121D</key>
		<dict>
			<key>buildActionMask</key>
			<string>2147483647</string>
			<key>files</key>
			<array>
				<string>6A33AC1E190E555D007A121D</string>
				<string>6A33AC26190E555D007A121D</string>
			</array>
			<key>isa</key>
			<string>PBXResourcesBuildPhase</string>
			<key>runOnlyForDeploymentPostprocessing</key>
			<string>0</string>
		</dict>
		<key>6A33AC0F190E555D007A121D</key>
		<dict>
			<key>buildConfigurationList</key>
			<string>6A33AC3C190E555D007A121D</string>
			<key>buildPhases</key>
			<array>
				<string>FA80234022C5483395D76428</string>
				<string>6A33AC0C190E555D007A121D</string>
				<string>6A33AC0D190E555D007A121D</string>
				<string>6A33AC0E190E555D007A121D</string>
				<string>409B7E4B17BC4FA294A5F3C3</string>
			</array>
			<key>buildRules</key>
			<array/>
			<key>dependencies</key>
			<array/>
			<key>isa</key>
			<string>PBXNativeTarget</string>
			<key>name</key>
			<string>bizhi</string>
			<key>productName</key>
			<string>bizhi</string>
			<key>productReference</key>
			<string>6A33AC10190E555D007A121D</string>
			<key>productType</key>
			<string>com.apple.product-type.application</string>
		</dict>
		<key>6A33AC10190E555D007A121D</key>
		<dict>
			<key>explicitFileType</key>
			<string>wrapper.application</string>
			<key>includeInIndex</key>
			<string>0</string>
			<key>isa</key>
			<string>PBXFileReference</string>
			<key>path</key>
			<string>bizhi.app</string>
			<key>sourceTree</key>
			<string>BUILT_PRODUCTS_DIR</string>
		</dict>
		<key>6A33AC11190E555D007A121D</key>
		<dict>
			<key>children</key>
			<array>
				<string>6A33AC10190E555D007A121D</string>
				<string>6A33AC2B190E555D007A121D</string>
			</array>
			<key>isa</key>
			<string>PBXGroup</string>
			<key>name</key>
			<string>Products</string>
			<key>sourceTree</key>
			<string>&lt;group&gt;</string>
		</dict>
		<key>6A33AC12190E555D007A121D</key>
		<dict>
			<key>children</key>
			<array>
				<string>6A33AC13190E555D007A121D</string>
				<string>6A33AC15190E555D007A121D</string>
				<string>6A33AC17190E555D007A121D</string>
				<string>6A33AC2C190E555D007A121D</string>
				<string>A0D08661F7C4427985F32208</string>
			</array>
			<key>isa</key>
			<string>PBXGroup</string>
			<key>name</key>
			<string>Frameworks</string>
			<key>sourceTree</key>
			<string>&lt;group&gt;</string>
		</dict>
		<key>6A33AC13190E555D007A121D</key>
		<dict>
			<key>isa</key>
			<string>PBXFileReference</string>
			<key>lastKnownFileType</key>
			<string>wrapper.framework</string>
			<key>name</key>
			<string>Foundation.framework</string>
			<key>path</key>
			<string>System/Library/Frameworks/Foundation.framework</string>
			<key>sourceTree</key>
			<string>SDKROOT</string>
		</dict>
		<key>6A33AC14190E555D007A121D</key>
		<dict>
			<key>fileRef</key>
			<string>6A33AC13190E555D007A121D</string>
			<key>isa</key>
			<string>PBXBuildFile</string>
		</dict>
		<key>6A33AC15190E555D007A121D</key>
		<dict>
			<key>isa</key>
			<string>PBXFileReference</string>
			<key>lastKnownFileType</key>
			<string>wrapper.framework</string>
			<key>name</key>
			<string>CoreGraphics.framework</string>
			<key>path</key>
			<string>System/Library/Frameworks/CoreGraphics.framework</string>
			<key>sourceTree</key>
			<string>SDKROOT</string>
		</dict>
		<key>6A33AC16190E555D007A121D</key>
		<dict>
			<key>fileRef</key>
			<string>6A33AC15190E555D007A121D</string>
			<key>isa</key>
			<string>PBXBuildFile</string>
		</dict>
		<key>6A33AC17190E555D007A121D</key>
		<dict>
			<key>isa</key>
			<string>PBXFileReference</string>
			<key>lastKnownFileType</key>
			<string>wrapper.framework</string>
			<key>name</key>
			<string>UIKit.framework</string>
			<key>path</key>
			<string>System/Library/Frameworks/UIKit.framework</string>
			<key>sourceTree</key>
			<string>SDKROOT</string>
		</dict>
		<key>6A33AC18190E555D007A121D</key>
		<dict>
			<key>fileRef</key>
			<string>6A33AC17190E555D007A121D</string>
			<key>isa</key>
			<string>PBXBuildFile</string>
		</dict>
		<key>6A33AC19190E555D007A121D</key>
		<dict>
			<key>children</key>
			<array>
				<string>6A1D3983190E79B800F1EA81</string>
				<string>6A1D394D190E739800F1EA81</string>
				<string>6A1D394C190E738900F1EA81</string>
				<string>6A1D394B190E738000F1EA81</string>
				<string>6A33AC42190E57D2007A121D</string>
				<string>6A33AC22190E555D007A121D</string>
				<string>6A33AC23190E555D007A121D</string>
				<string>6A33AC25190E555D007A121D</string>
				<string>6A33AC1A190E555D007A121D</string>
			</array>
			<key>isa</key>
			<string>PBXGroup</string>
			<key>path</key>
			<string>bizhi</string>
			<key>sourceTree</key>
			<string>&lt;group&gt;</string>
		</dict>
		<key>6A33AC1A190E555D007A121D</key>
		<dict>
			<key>children</key>
			<array>
				<string>6A33AC1B190E555D007A121D</string>
				<string>6A33AC1C190E555D007A121D</string>
				<string>6A33AC1F190E555D007A121D</string>
				<string>6A33AC21190E555D007A121D</string>
			</array>
			<key>isa</key>
			<string>PBXGroup</string>
			<key>name</key>
			<string>Supporting Files</string>
			<key>sourceTree</key>
			<string>&lt;group&gt;</string>
		</dict>
		<key>6A33AC1B190E555D007A121D</key>
		<dict>
			<key>isa</key>
			<string>PBXFileReference</string>
			<key>lastKnownFileType</key>
			<string>text.plist.xml</string>
			<key>path</key>
			<string>bizhi-Info.plist</string>
			<key>sourceTree</key>
			<string>&lt;group&gt;</string>
		</dict>
		<key>6A33AC1C190E555D007A121D</key>
		<dict>
			<key>children</key>
			<array>
				<string>6A33AC1D190E555D007A121D</string>
			</array>
			<key>isa</key>
			<string>PBXVariantGroup</string>
			<key>name</key>
			<string>InfoPlist.strings</string>
			<key>sourceTree</key>
			<string>&lt;group&gt;</string>
		</dict>
		<key>6A33AC1D190E555D007A121D</key>
		<dict>
			<key>isa</key>
			<string>PBXFileReference</string>
			<key>lastKnownFileType</key>
			<string>text.plist.strings</string>
			<key>name</key>
			<string>en</string>
			<key>path</key>
			<string>en.lproj/InfoPlist.strings</string>
			<key>sourceTree</key>
			<string>&lt;group&gt;</string>
		</dict>
		<key>6A33AC1E190E555D007A121D</key>
		<dict>
			<key>fileRef</key>
			<string>6A33AC1C190E555D007A121D</string>
			<key>isa</key>
			<string>PBXBuildFile</string>
		</dict>
		<key>6A33AC1F190E555D007A121D</key>
		<dict>
			<key>isa</key>
			<string>PBXFileReference</string>
			<key>lastKnownFileType</key>
			<string>sourcecode.c.objc</string>
			<key>path</key>
			<string>main.m</string>
			<key>sourceTree</key>
			<string>&lt;group&gt;</string>
		</dict>
		<key>6A33AC20190E555D007A121D</key>
		<dict>
			<key>fileRef</key>
			<string>6A33AC1F190E555D007A121D</string>
			<key>isa</key>
			<string>PBXBuildFile</string>
		</dict>
		<key>6A33AC21190E555D007A121D</key>
		<dict>
			<key>isa</key>
			<string>PBXFileReference</string>
			<key>lastKnownFileType</key>
			<string>sourcecode.c.h</string>
			<key>path</key>
			<string>bizhi-Prefix.pch</string>
			<key>sourceTree</key>
			<string>&lt;group&gt;</string>
		</dict>
		<key>6A33AC22190E555D007A121D</key>
		<dict>
			<key>isa</key>
			<string>PBXFileReference</string>
			<key>lastKnownFileType</key>
			<string>sourcecode.c.h</string>
			<key>path</key>
			<string>BZAppDelegate.h</string>
			<key>sourceTree</key>
			<string>&lt;group&gt;</string>
		</dict>
		<key>6A33AC23190E555D007A121D</key>
		<dict>
			<key>isa</key>
			<string>PBXFileReference</string>
			<key>lastKnownFileType</key>
			<string>sourcecode.c.objc</string>
			<key>path</key>
			<string>BZAppDelegate.m</string>
			<key>sourceTree</key>
			<string>&lt;group&gt;</string>
		</dict>
		<key>6A33AC24190E555D007A121D</key>
		<dict>
			<key>fileRef</key>
			<string>6A33AC23190E555D007A121D</string>
			<key>isa</key>
			<string>PBXBuildFile</string>
		</dict>
		<key>6A33AC25190E555D007A121D</key>
		<dict>
			<key>isa</key>
			<string>PBXFileReference</string>
			<key>lastKnownFileType</key>
			<string>folder.assetcatalog</string>
			<key>path</key>
			<string>Images.xcassets</string>
			<key>sourceTree</key>
			<string>&lt;group&gt;</string>
		</dict>
		<key>6A33AC26190E555D007A121D</key>
		<dict>
			<key>fileRef</key>
			<string>6A33AC25190E555D007A121D</string>
			<key>isa</key>
			<string>PBXBuildFile</string>
		</dict>
		<key>6A33AC27190E555D007A121D</key>
		<dict>
			<key>buildActionMask</key>
			<string>2147483647</string>
			<key>files</key>
			<array>
				<string>6A33AC39190E555D007A121D</string>
			</array>
			<key>isa</key>
			<string>PBXSourcesBuildPhase</string>
			<key>runOnlyForDeploymentPostprocessing</key>
			<string>0</string>
		</dict>
		<key>6A33AC28190E555D007A121D</key>
		<dict>
			<key>buildActionMask</key>
			<string>2147483647</string>
			<key>files</key>
			<array>
				<string>6A33AC2D190E555D007A121D</string>
				<string>6A33AC2F190E555D007A121D</string>
				<string>6A33AC2E190E555D007A121D</string>
			</array>
			<key>isa</key>
			<string>PBXFrameworksBuildPhase</string>
			<key>runOnlyForDeploymentPostprocessing</key>
			<string>0</string>
		</dict>
		<key>6A33AC29190E555D007A121D</key>
		<dict>
			<key>buildActionMask</key>
			<string>2147483647</string>
			<key>files</key>
			<array>
				<string>6A33AC37190E555D007A121D</string>
			</array>
			<key>isa</key>
			<string>PBXResourcesBuildPhase</string>
			<key>runOnlyForDeploymentPostprocessing</key>
			<string>0</string>
		</dict>
		<key>6A33AC2A190E555D007A121D</key>
		<dict>
			<key>buildConfigurationList</key>
			<string>6A33AC3F190E555D007A121D</string>
			<key>buildPhases</key>
			<array>
				<string>6A33AC27190E555D007A121D</string>
				<string>6A33AC28190E555D007A121D</string>
				<string>6A33AC29190E555D007A121D</string>
			</array>
			<key>buildRules</key>
			<array/>
			<key>dependencies</key>
			<array>
				<string>6A33AC31190E555D007A121D</string>
			</array>
			<key>isa</key>
			<string>PBXNativeTarget</string>
			<key>name</key>
			<string>bizhiTests</string>
			<key>productName</key>
			<string>bizhiTests</string>
			<key>productReference</key>
			<string>6A33AC2B190E555D007A121D</string>
			<key>productType</key>
			<string>com.apple.product-type.bundle.unit-test</string>
		</dict>
		<key>6A33AC2B190E555D007A121D</key>
		<dict>
			<key>explicitFileType</key>
			<string>wrapper.cfbundle</string>
			<key>includeInIndex</key>
			<string>0</string>
			<key>isa</key>
			<string>PBXFileReference</string>
			<key>path</key>
			<string>bizhiTests.xctest</string>
			<key>sourceTree</key>
			<string>BUILT_PRODUCTS_DIR</string>
		</dict>
		<key>6A33AC2C190E555D007A121D</key>
		<dict>
			<key>isa</key>
			<string>PBXFileReference</string>
			<key>lastKnownFileType</key>
			<string>wrapper.framework</string>
			<key>name</key>
			<string>XCTest.framework</string>
			<key>path</key>
			<string>Library/Frameworks/XCTest.framework</string>
			<key>sourceTree</key>
			<string>DEVELOPER_DIR</string>
		</dict>
		<key>6A33AC2D190E555D007A121D</key>
		<dict>
			<key>fileRef</key>
			<string>6A33AC2C190E555D007A121D</string>
			<key>isa</key>
			<string>PBXBuildFile</string>
		</dict>
		<key>6A33AC2E190E555D007A121D</key>
		<dict>
			<key>fileRef</key>
			<string>6A33AC13190E555D007A121D</string>
			<key>isa</key>
			<string>PBXBuildFile</string>
		</dict>
		<key>6A33AC2F190E555D007A121D</key>
		<dict>
			<key>fileRef</key>
			<string>6A33AC17190E555D007A121D</string>
			<key>isa</key>
			<string>PBXBuildFile</string>
		</dict>
		<key>6A33AC30190E555D007A121D</key>
		<dict>
			<key>containerPortal</key>
			<string>6A33AC08190E555D007A121D</string>
			<key>isa</key>
			<string>PBXContainerItemProxy</string>
			<key>proxyType</key>
			<string>1</string>
			<key>remoteGlobalIDString</key>
			<string>6A33AC0F190E555D007A121D</string>
			<key>remoteInfo</key>
			<string>bizhi</string>
		</dict>
		<key>6A33AC31190E555D007A121D</key>
		<dict>
			<key>isa</key>
			<string>PBXTargetDependency</string>
			<key>target</key>
			<string>6A33AC0F190E555D007A121D</string>
			<key>targetProxy</key>
			<string>6A33AC30190E555D007A121D</string>
		</dict>
		<key>6A33AC32190E555D007A121D</key>
		<dict>
			<key>children</key>
			<array>
				<string>6A33AC38190E555D007A121D</string>
				<string>6A33AC33190E555D007A121D</string>
			</array>
			<key>isa</key>
			<string>PBXGroup</string>
			<key>path</key>
			<string>bizhiTests</string>
			<key>sourceTree</key>
			<string>&lt;group&gt;</string>
		</dict>
		<key>6A33AC33190E555D007A121D</key>
		<dict>
			<key>children</key>
			<array>
				<string>6A33AC34190E555D007A121D</string>
				<string>6A33AC35190E555D007A121D</string>
			</array>
			<key>isa</key>
			<string>PBXGroup</string>
			<key>name</key>
			<string>Supporting Files</string>
			<key>sourceTree</key>
			<string>&lt;group&gt;</string>
		</dict>
		<key>6A33AC34190E555D007A121D</key>
		<dict>
			<key>isa</key>
			<string>PBXFileReference</string>
			<key>lastKnownFileType</key>
			<string>text.plist.xml</string>
			<key>path</key>
			<string>bizhiTests-Info.plist</string>
			<key>sourceTree</key>
			<string>&lt;group&gt;</string>
		</dict>
		<key>6A33AC35190E555D007A121D</key>
		<dict>
			<key>children</key>
			<array>
				<string>6A33AC36190E555D007A121D</string>
			</array>
			<key>isa</key>
			<string>PBXVariantGroup</string>
			<key>name</key>
			<string>InfoPlist.strings</string>
			<key>sourceTree</key>
			<string>&lt;group&gt;</string>
		</dict>
		<key>6A33AC36190E555D007A121D</key>
		<dict>
			<key>isa</key>
			<string>PBXFileReference</string>
			<key>lastKnownFileType</key>
			<string>text.plist.strings</string>
			<key>name</key>
			<string>en</string>
			<key>path</key>
			<string>en.lproj/InfoPlist.strings</string>
			<key>sourceTree</key>
			<string>&lt;group&gt;</string>
		</dict>
		<key>6A33AC37190E555D007A121D</key>
		<dict>
			<key>fileRef</key>
			<string>6A33AC35190E555D007A121D</string>
			<key>isa</key>
			<string>PBXBuildFile</string>
		</dict>
		<key>6A33AC38190E555D007A121D</key>
		<dict>
			<key>isa</key>
			<string>PBXFileReference</string>
			<key>lastKnownFileType</key>
			<string>sourcecode.c.objc</string>
			<key>path</key>
			<string>bizhiTests.m</string>
			<key>sourceTree</key>
			<string>&lt;group&gt;</string>
		</dict>
		<key>6A33AC39190E555D007A121D</key>
		<dict>
			<key>fileRef</key>
			<string>6A33AC38190E555D007A121D</string>
			<key>isa</key>
			<string>PBXBuildFile</string>
		</dict>
		<key>6A33AC3A190E555D007A121D</key>
		<dict>
			<key>buildSettings</key>
			<dict>
				<key>ALWAYS_SEARCH_USER_PATHS</key>
				<string>NO</string>
				<key>CLANG_CXX_LANGUAGE_STANDARD</key>
				<string>gnu++0x</string>
				<key>CLANG_CXX_LIBRARY</key>
				<string>libc++</string>
				<key>CLANG_ENABLE_MODULES</key>
				<string>YES</string>
				<key>CLANG_ENABLE_OBJC_ARC</key>
				<string>YES</string>
				<key>CLANG_WARN_BOOL_CONVERSION</key>
				<string>YES</string>
				<key>CLANG_WARN_CONSTANT_CONVERSION</key>
				<string>YES</string>
				<key>CLANG_WARN_DIRECT_OBJC_ISA_USAGE</key>
				<string>YES_ERROR</string>
				<key>CLANG_WARN_EMPTY_BODY</key>
				<string>YES</string>
				<key>CLANG_WARN_ENUM_CONVERSION</key>
				<string>YES</string>
				<key>CLANG_WARN_INT_CONVERSION</key>
				<string>YES</string>
				<key>CLANG_WARN_OBJC_ROOT_CLASS</key>
				<string>YES_ERROR</string>
				<key>CLANG_WARN__DUPLICATE_METHOD_MATCH</key>
				<string>YES</string>
				<key>CODE_SIGN_IDENTITY[sdk=iphoneos*]</key>
				<string>iPhone Developer</string>
				<key>COPY_PHASE_STRIP</key>
				<string>NO</string>
				<key>GCC_C_LANGUAGE_STANDARD</key>
				<string>gnu99</string>
				<key>GCC_DYNAMIC_NO_PIC</key>
				<string>NO</string>
				<key>GCC_OPTIMIZATION_LEVEL</key>
				<string>0</string>
				<key>GCC_PREPROCESSOR_DEFINITIONS</key>
				<array>
					<string>DEBUG=1</string>
					<string>$(inherited)</string>
				</array>
				<key>GCC_SYMBOLS_PRIVATE_EXTERN</key>
				<string>NO</string>
				<key>GCC_WARN_64_TO_32_BIT_CONVERSION</key>
				<string>YES</string>
				<key>GCC_WARN_ABOUT_RETURN_TYPE</key>
				<string>YES_ERROR</string>
				<key>GCC_WARN_UNDECLARED_SELECTOR</key>
				<string>YES</string>
				<key>GCC_WARN_UNINITIALIZED_AUTOS</key>
				<string>YES_AGGRESSIVE</string>
				<key>GCC_WARN_UNUSED_FUNCTION</key>
				<string>YES</string>
				<key>GCC_WARN_UNUSED_VARIABLE</key>
				<string>YES</string>
				<key>IPHONEOS_DEPLOYMENT_TARGET</key>
				<string>7.1</string>
				<key>ONLY_ACTIVE_ARCH</key>
				<string>YES</string>
				<key>SDKROOT</key>
				<string>iphoneos</string>
			</dict>
			<key>isa</key>
			<string>XCBuildConfiguration</string>
			<key>name</key>
			<string>Debug</string>
		</dict>
		<key>6A33AC3B190E555D007A121D</key>
		<dict>
			<key>buildSettings</key>
			<dict>
				<key>ALWAYS_SEARCH_USER_PATHS</key>
				<string>NO</string>
				<key>CLANG_CXX_LANGUAGE_STANDARD</key>
				<string>gnu++0x</string>
				<key>CLANG_CXX_LIBRARY</key>
				<string>libc++</string>
				<key>CLANG_ENABLE_MODULES</key>
				<string>YES</string>
				<key>CLANG_ENABLE_OBJC_ARC</key>
				<string>YES</string>
				<key>CLANG_WARN_BOOL_CONVERSION</key>
				<string>YES</string>
				<key>CLANG_WARN_CONSTANT_CONVERSION</key>
				<string>YES</string>
				<key>CLANG_WARN_DIRECT_OBJC_ISA_USAGE</key>
				<string>YES_ERROR</string>
				<key>CLANG_WARN_EMPTY_BODY</key>
				<string>YES</string>
				<key>CLANG_WARN_ENUM_CONVERSION</key>
				<string>YES</string>
				<key>CLANG_WARN_INT_CONVERSION</key>
				<string>YES</string>
				<key>CLANG_WARN_OBJC_ROOT_CLASS</key>
				<string>YES_ERROR</string>
				<key>CLANG_WARN__DUPLICATE_METHOD_MATCH</key>
				<string>YES</string>
				<key>CODE_SIGN_IDENTITY[sdk=iphoneos*]</key>
				<string>iPhone Developer</string>
				<key>COPY_PHASE_STRIP</key>
				<string>YES</string>
				<key>ENABLE_NS_ASSERTIONS</key>
				<string>NO</string>
				<key>GCC_C_LANGUAGE_STANDARD</key>
				<string>gnu99</string>
				<key>GCC_WARN_64_TO_32_BIT_CONVERSION</key>
				<string>YES</string>
				<key>GCC_WARN_ABOUT_RETURN_TYPE</key>
				<string>YES_ERROR</string>
				<key>GCC_WARN_UNDECLARED_SELECTOR</key>
				<string>YES</string>
				<key>GCC_WARN_UNINITIALIZED_AUTOS</key>
				<string>YES_AGGRESSIVE</string>
				<key>GCC_WARN_UNUSED_FUNCTION</key>
				<string>YES</string>
				<key>GCC_WARN_UNUSED_VARIABLE</key>
				<string>YES</string>
				<key>IPHONEOS_DEPLOYMENT_TARGET</key>
				<string>7.1</string>
				<key>SDKROOT</key>
				<string>iphoneos</string>
				<key>VALIDATE_PRODUCT</key>
				<string>YES</string>
			</dict>
			<key>isa</key>
			<string>XCBuildConfiguration</string>
			<key>name</key>
			<string>Release</string>
		</dict>
		<key>6A33AC3C190E555D007A121D</key>
		<dict>
			<key>buildConfigurations</key>
			<array>
				<string>6A33AC3D190E555D007A121D</string>
				<string>6A33AC3E190E555D007A121D</string>
			</array>
			<key>defaultConfigurationIsVisible</key>
			<string>0</string>
			<key>defaultConfigurationName</key>
			<string>Release</string>
			<key>isa</key>
			<string>XCConfigurationList</string>
		</dict>
		<key>6A33AC3D190E555D007A121D</key>
		<dict>
			<key>baseConfigurationReference</key>
			<string>50EF5F696E49C761121687B0</string>
			<key>buildSettings</key>
			<dict>
				<key>ASSETCATALOG_COMPILER_APPICON_NAME</key>
				<string>AppIcon</string>
				<key>ASSETCATALOG_COMPILER_LAUNCHIMAGE_NAME</key>
				<string>LaunchImage</string>
				<key>GCC_PRECOMPILE_PREFIX_HEADER</key>
				<string>YES</string>
				<key>GCC_PREFIX_HEADER</key>
				<string>bizhi/bizhi-Prefix.pch</string>
				<key>INFOPLIST_FILE</key>
				<string>bizhi/bizhi-Info.plist</string>
				<key>IPHONEOS_DEPLOYMENT_TARGET</key>
				<string>7.0</string>
				<key>PRODUCT_NAME</key>
				<string>$(TARGET_NAME)</string>
				<key>WRAPPER_EXTENSION</key>
				<string>app</string>
			</dict>
			<key>isa</key>
			<string>XCBuildConfiguration</string>
			<key>name</key>
			<string>Debug</string>
		</dict>
		<key>6A33AC3E190E555D007A121D</key>
		<dict>
			<key>baseConfigurationReference</key>
			<string>32E56A7A58424DA3C9AFCCC8</string>
			<key>buildSettings</key>
			<dict>
				<key>ASSETCATALOG_COMPILER_APPICON_NAME</key>
				<string>AppIcon</string>
				<key>ASSETCATALOG_COMPILER_LAUNCHIMAGE_NAME</key>
				<string>LaunchImage</string>
				<key>GCC_PRECOMPILE_PREFIX_HEADER</key>
				<string>YES</string>
				<key>GCC_PREFIX_HEADER</key>
				<string>bizhi/bizhi-Prefix.pch</string>
				<key>INFOPLIST_FILE</key>
				<string>bizhi/bizhi-Info.plist</string>
				<key>IPHONEOS_DEPLOYMENT_TARGET</key>
				<string>7.0</string>
				<key>PRODUCT_NAME</key>
				<string>$(TARGET_NAME)</string>
				<key>WRAPPER_EXTENSION</key>
				<string>app</string>
			</dict>
			<key>isa</key>
			<string>XCBuildConfiguration</string>
			<key>name</key>
			<string>Release</string>
		</dict>
		<key>6A33AC3F190E555D007A121D</key>
		<dict>
			<key>buildConfigurations</key>
			<array>
				<string>6A33AC40190E555D007A121D</string>
				<string>6A33AC41190E555D007A121D</string>
			</array>
			<key>defaultConfigurationIsVisible</key>
			<string>0</string>
			<key>defaultConfigurationName</key>
			<string>Release</string>
			<key>isa</key>
			<string>XCConfigurationList</string>
		</dict>
		<key>6A33AC40190E555D007A121D</key>
		<dict>
			<key>buildSettings</key>
			<dict>
				<key>BUNDLE_LOADER</key>
				<string>$(BUILT_PRODUCTS_DIR)/bizhi.app/bizhi</string>
				<key>FRAMEWORK_SEARCH_PATHS</key>
				<array>
					<string>$(SDKROOT)/Developer/Library/Frameworks</string>
					<string>$(inherited)</string>
					<string>$(DEVELOPER_FRAMEWORKS_DIR)</string>
				</array>
				<key>GCC_PRECOMPILE_PREFIX_HEADER</key>
				<string>YES</string>
				<key>GCC_PREFIX_HEADER</key>
				<string>bizhi/bizhi-Prefix.pch</string>
				<key>GCC_PREPROCESSOR_DEFINITIONS</key>
				<array>
					<string>DEBUG=1</string>
					<string>$(inherited)</string>
				</array>
				<key>INFOPLIST_FILE</key>
				<string>bizhiTests/bizhiTests-Info.plist</string>
				<key>PRODUCT_NAME</key>
				<string>$(TARGET_NAME)</string>
				<key>TEST_HOST</key>
				<string>$(BUNDLE_LOADER)</string>
				<key>WRAPPER_EXTENSION</key>
				<string>xctest</string>
			</dict>
			<key>isa</key>
			<string>XCBuildConfiguration</string>
			<key>name</key>
			<string>Debug</string>
		</dict>
		<key>6A33AC41190E555D007A121D</key>
		<dict>
			<key>buildSettings</key>
			<dict>
				<key>BUNDLE_LOADER</key>
				<string>$(BUILT_PRODUCTS_DIR)/bizhi.app/bizhi</string>
				<key>FRAMEWORK_SEARCH_PATHS</key>
				<array>
					<string>$(SDKROOT)/Developer/Library/Frameworks</string>
					<string>$(inherited)</string>
					<string>$(DEVELOPER_FRAMEWORKS_DIR)</string>
				</array>
				<key>GCC_PRECOMPILE_PREFIX_HEADER</key>
				<string>YES</string>
				<key>GCC_PREFIX_HEADER</key>
				<string>bizhi/bizhi-Prefix.pch</string>
				<key>INFOPLIST_FILE</key>
				<string>bizhiTests/bizhiTests-Info.plist</string>
				<key>PRODUCT_NAME</key>
				<string>$(TARGET_NAME)</string>
				<key>TEST_HOST</key>
				<string>$(BUNDLE_LOADER)</string>
				<key>WRAPPER_EXTENSION</key>
				<string>xctest</string>
			</dict>
			<key>isa</key>
			<string>XCBuildConfiguration</string>
			<key>name</key>
			<string>Release</string>
		</dict>
		<key>6A33AC42190E57D2007A121D</key>
		<dict>
			<key>children</key>
			<array>
				<string>6A33AC43190E57D7007A121D</string>
				<string>6A33AC47190E5B29007A121D</string>
				<string>6A33AC48190E5B29007A121D</string>
			</array>
			<key>isa</key>
			<string>PBXGroup</string>
			<key>name</key>
			<string>API</string>
			<key>sourceTree</key>
			<string>&lt;group&gt;</string>
		</dict>
		<key>6A33AC43190E57D7007A121D</key>
		<dict>
			<key>children</key>
			<array>
				<string>6A33AC44190E5899007A121D</string>
				<string>6A33AC45190E5899007A121D</string>
				<string>6A1D3947190E71DE00F1EA81</string>
				<string>6A1D3948190E71DE00F1EA81</string>
			</array>
			<key>isa</key>
			<string>PBXGroup</string>
			<key>name</key>
			<string>Models</string>
			<key>sourceTree</key>
			<string>&lt;group&gt;</string>
		</dict>
		<key>6A33AC44190E5899007A121D</key>
		<dict>
			<key>fileEncoding</key>
			<string>4</string>
			<key>isa</key>
			<string>PBXFileReference</string>
			<key>lastKnownFileType</key>
			<string>sourcecode.c.h</string>
			<key>path</key>
			<string>BZPinModel.h</string>
			<key>sourceTree</key>
			<string>&lt;group&gt;</string>
		</dict>
		<key>6A33AC45190E5899007A121D</key>
		<dict>
			<key>fileEncoding</key>
			<string>4</string>
			<key>isa</key>
			<string>PBXFileReference</string>
			<key>lastKnownFileType</key>
			<string>sourcecode.c.objc</string>
			<key>path</key>
			<string>BZPinModel.m</string>
			<key>sourceTree</key>
			<string>&lt;group&gt;</string>
		</dict>
		<key>6A33AC46190E5899007A121D</key>
		<dict>
			<key>fileRef</key>
			<string>6A33AC45190E5899007A121D</string>
			<key>isa</key>
			<string>PBXBuildFile</string>
		</dict>
		<key>6A33AC47190E5B29007A121D</key>
		<dict>
			<key>fileEncoding</key>
			<string>4</string>
			<key>isa</key>
			<string>PBXFileReference</string>
			<key>lastKnownFileType</key>
			<string>sourcecode.c.h</string>
			<key>path</key>
			<string>BZAPIManager.h</string>
			<key>sourceTree</key>
			<string>&lt;group&gt;</string>
		</dict>
		<key>6A33AC48190E5B29007A121D</key>
		<dict>
			<key>fileEncoding</key>
			<string>4</string>
			<key>isa</key>
			<string>PBXFileReference</string>
			<key>lastKnownFileType</key>
			<string>sourcecode.c.objc</string>
			<key>path</key>
			<string>BZAPIManager.m</string>
			<key>sourceTree</key>
			<string>&lt;group&gt;</string>
		</dict>
		<key>6A33AC49190E5B29007A121D</key>
		<dict>
			<key>fileRef</key>
			<string>6A33AC48190E5B29007A121D</string>
			<key>isa</key>
			<string>PBXBuildFile</string>
		</dict>
		<key>A0D08661F7C4427985F32208</key>
		<dict>
			<key>explicitFileType</key>
			<string>archive.ar</string>
			<key>includeInIndex</key>
			<string>0</string>
			<key>isa</key>
			<string>PBXFileReference</string>
			<key>path</key>
			<string>libPods.a</string>
			<key>sourceTree</key>
			<string>BUILT_PRODUCTS_DIR</string>
		</dict>
		<key>B1DE518EA9E73D06360E9981</key>
		<dict>
			<key>children</key>
			<array>
				<string>50EF5F696E49C761121687B0</string>
				<string>32E56A7A58424DA3C9AFCCC8</string>
			</array>
			<key>isa</key>
			<string>PBXGroup</string>
			<key>name</key>
			<string>Pods</string>
			<key>sourceTree</key>
			<string>&lt;group&gt;</string>
		</dict>
		<key>F0F70AFBB7FF42679A7237C3</key>
		<dict>
			<key>fileRef</key>
			<string>A0D08661F7C4427985F32208</string>
			<key>isa</key>
			<string>PBXBuildFile</string>
		</dict>
		<key>FA80234022C5483395D76428</key>
		<dict>
			<key>buildActionMask</key>
			<string>2147483647</string>
			<key>files</key>
			<array/>
			<key>inputPaths</key>
			<array/>
			<key>isa</key>
			<string>PBXShellScriptBuildPhase</string>
			<key>name</key>
			<string>Check Pods Manifest.lock</string>
			<key>outputPaths</key>
			<array/>
			<key>runOnlyForDeploymentPostprocessing</key>
			<string>0</string>
			<key>shellPath</key>
			<string>/bin/sh</string>
			<key>shellScript</key>
			<string>diff "${PODS_ROOT}/../Podfile.lock" "${PODS_ROOT}/Manifest.lock" &gt; /dev/null
if [[ $? != 0 ]] ; then
    cat &lt;&lt; EOM
error: The sandbox is not in sync with the Podfile.lock. Run 'pod install' or update your CocoaPods installation.
EOM
    exit 1
fi
</string>
			<key>showEnvVarsInLog</key>
			<string>0</string>
		</dict>
	</dict>
	<key>rootObject</key>
	<string>6A33AC08190E555D007A121D</string>
</dict>
</plist>
